<Project xmlns="http://schemas.microsoft.com/developer/msbuild/2003">
	<PropertyGroup>
		<ProjectGuid>{7A1F2C3D-5E6F-4A7B-8C9D-0E1F2A3B4C5D}</ProjectGuid>
		<MainSource>TestPkgSuffix.dpk</MainSource>
		<Base>True</Base>
		<Config Condition="'$(Config)'==''">Debug</Config>
		<TargetedPlatforms>1</TargetedPlatforms>
		<AppType>Package</AppType>
		<FrameworkType>None</FrameworkType>
		<ProjectVersion>20.3</ProjectVersion>
		<Platform Condition="'$(Platform)'==''">Win32</Platform>
		<ProjectName Condition="'$(ProjectName)'==''">TestPkgSuffix</ProjectName>
	</PropertyGroup>
	<PropertyGroup Condition="'$(Config)'=='Base' or '$(Base)'!=''">
		<Base>true</Base>
	</PropertyGroup>
	<PropertyGroup Condition="'$(Config)'=='Release' or '$(Cfg_1)'!=''">
		<Cfg_1>true</Cfg_1>
		<CfgParent>Base</CfgParent>
		<Base>true</Base>
	</PropertyGroup>
	<PropertyGroup Condition="'$(Config)'=='Debug' or '$(Cfg_2)'!=''">
		<Cfg_2>true</Cfg_2>
		<CfgParent>Base</CfgParent>
		<Base>true</Base>
	</PropertyGroup>
	<PropertyGroup Condition="'$(Base)'!=''">
		<DllSuffix>$(Auto)</DllSuffix>
		<DCC_BplOutput>.\bpl</DCC_BplOutput>
		<DCC_DcpOutput>.\dcp</DCC_DcpOutput>
		<DCC_DcuOutput>.\$(Platform)\$(Config)</DCC_DcuOutput>
		<DCC_IncludePath>.\inc;$(DCC_IncludePath)</DCC_IncludePath>
		<GenPackage>true</GenPackage>
		<GenDll>true</GenDll>
		<SanitizedProjectName>TestPkgSuffix</SanitizedProjectName>
	</PropertyGroup>
	<PropertyGroup Condition="'$(Cfg_2)'!=''">
		<DCC_MapFile>3</DCC_MapFile>
		<DCC_Optimize>false</DCC_Optimize>
		<DCC_Define>DEBUG;$(DCC_Define)</DCC_Define>
		<DCC_RemoteDebug>true</DCC_RemoteDebug>
		<Debugger_HostApplication>$(ProjectDir)\hosts\Host.exe</Debugger_HostApplication>
	</PropertyGroup>
	<ItemGroup>
		<DelphiCompile Include="$(MainSource)">
			<MainSource>MainSource</MainSource>
		</DelphiCompile>
		<BuildConfiguration Include="Base">
			<Key>Base</Key>
		</BuildConfiguration>
		<BuildConfiguration Include="Release">
			<Key>Cfg_1</Key>
			<CfgParent>Base</CfgParent>
		</BuildConfiguration>
		<BuildConfiguration Include="Debug">
			<Key>Cfg_2</Key>
			<CfgParent>Base</CfgParent>
		</BuildConfiguration>
	</ItemGroup>
	<ProjectExtensions>
		<Borland.Personality>Delphi.Personality.12</Borland.Personality>
		<Borland.ProjectType>Package</Borland.ProjectType>
		<BorlandProject>
			<Delphi.Personality>
				<Source>
					<Source Name="MainSource">TestPkgSuffix.dpk</Source>
				</Source>
			</Delphi.Personality>
			<Platforms>
				<Platform value="Win32">True</Platform>
			</Platforms>
		</BorlandProject>
		<ProjectFileVersion>12</ProjectFileVersion>
	</ProjectExtensions>
</Project>
